// !$*UTF8*$!
{
	archiveVersion = 1;
	classes = {
	};
	objectVersion = 46;
	objects = {

/* Begin PBXBuildFile section */
		1D3623260D0F684500981E51 /* IrbAppDelegate.m in Sources */ = {isa = PBXBuildFile; fileRef = 1D3623250D0F684500981E51 /* IrbAppDelegate.m */; };
		1D60589B0D05DD56006BFB54 /* main.m in Sources */ = {isa = PBXBuildFile; fileRef = 29B97316FDCFA39411CA2CEA /* main.m */; };
		1D60589F0D05DD5A006BFB54 /* Foundation.framework in Frameworks */ = {isa = PBXBuildFile; fileRef = 1D30AB110D05D00D00671497 /* Foundation.framework */; };
		1DF5F4E00D08C38300B7A737 /* UIKit.framework in Frameworks */ = {isa = PBXBuildFile; fileRef = 1DF5F4DF0D08C38300B7A737 /* UIKit.framework */; };
		288765A50DF7441C002DB57D /* CoreGraphics.framework in Frameworks */ = {isa = PBXBuildFile; fileRef = 288765A40DF7441C002DB57D /* CoreGraphics.framework */; };
		28D7ACF80DDB3853001CB0EB /* IrbViewController.m in Sources */ = {isa = PBXBuildFile; fileRef = 28D7ACF70DDB3853001CB0EB /* IrbViewController.m */; };
		8D54988E0F346F3E00001578 /* libruby-static.a in Frameworks */ = {isa = PBXBuildFile; fileRef = 8D54988D0F346F3E00001578 /* libruby-static.a */; };
		8D5498910F346F7000001578 /* EvalRuby.m in Sources */ = {isa = PBXBuildFile; fileRef = 8D5498900F346F7000001578 /* EvalRuby.m */; };
		8D5498D50F3472B400001578 /* ruby.png in Resources */ = {isa = PBXBuildFile; fileRef = 8D5498D40F3472B400001578 /* ruby.png */; };
		8D5499770F34AB5100001578 /* Default.png in Resources */ = {isa = PBXBuildFile; fileRef = 8D5499750F34AB5100001578 /* Default.png */; };
		8D5499780F34AB5100001578 /* icon.png in Resources */ = {isa = PBXBuildFile; fileRef = 8D5499760F34AB5100001578 /* icon.png */; };
		D839E37C159E428C008A2B0C /* ScriptListViewCell.m in Sources */ = {isa = PBXBuildFile; fileRef = D839E37B159E428C008A2B0C /* ScriptListViewCell.m */; };
		D8D1510315A2D5A900C4E108 /* Localizable.strings in Resources */ = {isa = PBXBuildFile; fileRef = D8D1510515A2D5A900C4E108 /* Localizable.strings */; };
		D8D1511015A2E20A00C4E108 /* UIButton+EasyTitle.m in Sources */ = {isa = PBXBuildFile; fileRef = D8D1510F15A2E20A00C4E108 /* UIButton+EasyTitle.m */; };
		D8D6A144159DD09C0074C263 /* Irb-iphone.storyboard in Resources */ = {isa = PBXBuildFile; fileRef = D8D6A143159DD09C0074C263 /* Irb-iphone.storyboard */; };
		D8D6A14D159DD3400074C263 /* icon@2x.png in Resources */ = {isa = PBXBuildFile; fileRef = D8D6A14C159DD3400074C263 /* icon@2x.png */; };
		D8D6A150159DD3BE0074C263 /* icon-ipad.png in Resources */ = {isa = PBXBuildFile; fileRef = D8D6A14E159DD3BD0074C263 /* icon-ipad.png */; };
		D8D6A151159DD3BE0074C263 /* icon-ipad@2x.png in Resources */ = {isa = PBXBuildFile; fileRef = D8D6A14F159DD3BE0074C263 /* icon-ipad@2x.png */; };
		D8D6A153159DD40D0074C263 /* Irb-ipad.storyboard in Resources */ = {isa = PBXBuildFile; fileRef = D8D6A152159DD40D0074C263 /* Irb-ipad.storyboard */; };
		D8D6A157159DD5DC0074C263 /* Default@2x.png in Resources */ = {isa = PBXBuildFile; fileRef = D8D6A155159DD5DC0074C263 /* Default@2x.png */; };
		D8D6A159159DD64B0074C263 /* Default-Portrait~ipad.png in Resources */ = {isa = PBXBuildFile; fileRef = D8D6A158159DD64B0074C263 /* Default-Portrait~ipad.png */; };
		D8D6A15D159DD7510074C263 /* Default-Portrait@2x~ipad.png in Resources */ = {isa = PBXBuildFile; fileRef = D8D6A15C159DD7500074C263 /* Default-Portrait@2x~ipad.png */; };
		D8D6A15F159DD8330074C263 /* Default-Landscape~ipad.png in Resources */ = {isa = PBXBuildFile; fileRef = D8D6A15E159DD8330074C263 /* Default-Landscape~ipad.png */; };
		D8D6A161159DD86A0074C263 /* Default-Landscape@2x~ipad.png in Resources */ = {isa = PBXBuildFile; fileRef = D8D6A160159DD86A0074C263 /* Default-Landscape@2x~ipad.png */; };
		D8D6A164159DE9CC0074C263 /* IrbModel.xcdatamodeld in Sources */ = {isa = PBXBuildFile; fileRef = D8D6A162159DE9CC0074C263 /* IrbModel.xcdatamodeld */; };
		D8D6A168159DEA5D0074C263 /* Script.m in Sources */ = {isa = PBXBuildFile; fileRef = D8D6A167159DEA5D0074C263 /* Script.m */; };
		D8D6A16B159DEA960074C263 /* GenericManagedObject.m in Sources */ = {isa = PBXBuildFile; fileRef = D8D6A16A159DEA960074C263 /* GenericManagedObject.m */; };
		D8D6A180159DEC890074C263 /* CoreData.framework in Frameworks */ = {isa = PBXBuildFile; fileRef = D8D6A17F159DEC890074C263 /* CoreData.framework */; };
		D8D6A184159DEF390074C263 /* ScriptListViewController.m in Sources */ = {isa = PBXBuildFile; fileRef = D8D6A183159DEF390074C263 /* ScriptListViewController.m */; };
		D8D6A197159DF3F80074C263 /* MenuViewController.m in Sources */ = {isa = PBXBuildFile; fileRef = D8D6A196159DF3F80074C263 /* MenuViewController.m */; };
		D8D6A19A159DFB060074C263 /* ScriptEditorViewController.m in Sources */ = {isa = PBXBuildFile; fileRef = D8D6A199159DFB060074C263 /* ScriptEditorViewController.m */; };
		D8D6A1A2159E06370074C263 /* ScriptEvalViewController.m in Sources */ = {isa = PBXBuildFile; fileRef = D8D6A1A1159E06370074C263 /* ScriptEvalViewController.m */; };
/* End PBXBuildFile section */

/* Begin PBXFileReference section */
		1D30AB110D05D00D00671497 /* Foundation.framework */ = {isa = PBXFileReference; lastKnownFileType = wrapper.framework; name = Foundation.framework; path = System/Library/Frameworks/Foundation.framework; sourceTree = SDKROOT; };
		1D3623240D0F684500981E51 /* IrbAppDelegate.h */ = {isa = PBXFileReference; fileEncoding = 4; lastKnownFileType = sourcecode.c.h; path = IrbAppDelegate.h; sourceTree = "<group>"; };
		1D3623250D0F684500981E51 /* IrbAppDelegate.m */ = {isa = PBXFileReference; fileEncoding = 4; lastKnownFileType = sourcecode.c.objc; path = IrbAppDelegate.m; sourceTree = "<group>"; };
		1D6058910D05DD3D006BFB54 /* iphone-irb.app */ = {isa = PBXFileReference; explicitFileType = wrapper.application; includeInIndex = 0; path = "iphone-irb.app"; sourceTree = BUILT_PRODUCTS_DIR; };
		1DF5F4DF0D08C38300B7A737 /* UIKit.framework */ = {isa = PBXFileReference; lastKnownFileType = wrapper.framework; name = UIKit.framework; path = System/Library/Frameworks/UIKit.framework; sourceTree = SDKROOT; };
		288765A40DF7441C002DB57D /* CoreGraphics.framework */ = {isa = PBXFileReference; lastKnownFileType = wrapper.framework; name = CoreGraphics.framework; path = System/Library/Frameworks/CoreGraphics.framework; sourceTree = SDKROOT; };
		28D7ACF60DDB3853001CB0EB /* IrbViewController.h */ = {isa = PBXFileReference; fileEncoding = 4; lastKnownFileType = sourcecode.c.h; path = IrbViewController.h; sourceTree = "<group>"; };
		28D7ACF70DDB3853001CB0EB /* IrbViewController.m */ = {isa = PBXFileReference; fileEncoding = 4; lastKnownFileType = sourcecode.c.objc; path = IrbViewController.m; sourceTree = "<group>"; };
		29B97316FDCFA39411CA2CEA /* main.m */ = {isa = PBXFileReference; fileEncoding = 4; lastKnownFileType = sourcecode.c.objc; path = main.m; sourceTree = "<group>"; };
		32CA4F630368D1EE00C91783 /* iphone_irb_Prefix.pch */ = {isa = PBXFileReference; fileEncoding = 4; lastKnownFileType = sourcecode.c.h; path = iphone_irb_Prefix.pch; sourceTree = "<group>"; };
		8D1107310486CEB800E47090 /* Info.plist */ = {isa = PBXFileReference; fileEncoding = 4; lastKnownFileType = text.plist.xml; path = Info.plist; sourceTree = "<group>"; };
		8D54988D0F346F3E00001578 /* libruby-static.a */ = {isa = PBXFileReference; lastKnownFileType = archive.ar; name = "libruby-static.a"; path = "ruby/libruby-static.a"; sourceTree = "<group>"; };
		8D54988F0F346F7000001578 /* EvalRuby.h */ = {isa = PBXFileReference; fileEncoding = 4; lastKnownFileType = sourcecode.c.h; path = EvalRuby.h; sourceTree = "<group>"; };
		8D5498900F346F7000001578 /* EvalRuby.m */ = {isa = PBXFileReference; fileEncoding = 4; lastKnownFileType = sourcecode.c.objc; path = EvalRuby.m; sourceTree = "<group>"; };
		8D5498D40F3472B400001578 /* ruby.png */ = {isa = PBXFileReference; lastKnownFileType = image.png; name = ruby.png; path = Resources/ruby.png; sourceTree = "<group>"; };
		8D5499750F34AB5100001578 /* Default.png */ = {isa = PBXFileReference; lastKnownFileType = image.png; path = Default.png; sourceTree = "<group>"; };
		8D5499760F34AB5100001578 /* icon.png */ = {isa = PBXFileReference; lastKnownFileType = image.png; path = icon.png; sourceTree = "<group>"; };
		D839E37A159E428C008A2B0C /* ScriptListViewCell.h */ = {isa = PBXFileReference; fileEncoding = 4; lastKnownFileType = sourcecode.c.h; path = ScriptListViewCell.h; sourceTree = "<group>"; };
		D839E37B159E428C008A2B0C /* ScriptListViewCell.m */ = {isa = PBXFileReference; fileEncoding = 4; lastKnownFileType = sourcecode.c.objc; path = ScriptListViewCell.m; sourceTree = "<group>"; };
		D8D1510415A2D5A900C4E108 /* en */ = {isa = PBXFileReference; fileEncoding = 10; lastKnownFileType = text.plist.strings; name = en; path = en.lproj/Localizable.strings; sourceTree = "<group>"; };
		D8D1510615A2DB5B00C4E108 /* fr */ = {isa = PBXFileReference; lastKnownFileType = text.plist.strings; name = fr; path = fr.lproj/Localizable.strings; sourceTree = "<group>"; };
		D8D1510E15A2E20A00C4E108 /* UIButton+EasyTitle.h */ = {isa = PBXFileReference; fileEncoding = 4; lastKnownFileType = sourcecode.c.h; path = "UIButton+EasyTitle.h"; sourceTree = "<group>"; };
		D8D1510F15A2E20A00C4E108 /* UIButton+EasyTitle.m */ = {isa = PBXFileReference; fileEncoding = 4; lastKnownFileType = sourcecode.c.objc; path = "UIButton+EasyTitle.m"; sourceTree = "<group>"; };
		D8D6A143159DD09C0074C263 /* Irb-iphone.storyboard */ = {isa = PBXFileReference; fileEncoding = 4; lastKnownFileType = file.storyboard; name = "Irb-iphone.storyboard"; path = "Resources/Irb-iphone.storyboard"; sourceTree = "<group>"; };
		D8D6A14C159DD3400074C263 /* icon@2x.png */ = {isa = PBXFileReference; lastKnownFileType = image.png; path = "icon@2x.png"; sourceTree = "<group>"; };
		D8D6A14E159DD3BD0074C263 /* icon-ipad.png */ = {isa = PBXFileReference; lastKnownFileType = image.png; path = "icon-ipad.png"; sourceTree = "<group>"; };
		D8D6A14F159DD3BE0074C263 /* icon-ipad@2x.png */ = {isa = PBXFileReference; lastKnownFileType = image.png; path = "icon-ipad@2x.png"; sourceTree = "<group>"; };
		D8D6A152159DD40D0074C263 /* Irb-ipad.storyboard */ = {isa = PBXFileReference; fileEncoding = 4; lastKnownFileType = file.storyboard; name = "Irb-ipad.storyboard"; path = "Resources/Irb-ipad.storyboard"; sourceTree = "<group>"; };
		D8D6A155159DD5DC0074C263 /* Default@2x.png */ = {isa = PBXFileReference; lastKnownFileType = image.png; path = "Default@2x.png"; sourceTree = "<group>"; };
		D8D6A158159DD64B0074C263 /* Default-Portrait~ipad.png */ = {isa = PBXFileReference; lastKnownFileType = image.png; path = "Default-Portrait~ipad.png"; sourceTree = "<group>"; };
		D8D6A15C159DD7500074C263 /* Default-Portrait@2x~ipad.png */ = {isa = PBXFileReference; lastKnownFileType = image.png; path = "Default-Portrait@2x~ipad.png"; sourceTree = "<group>"; };
		D8D6A15E159DD8330074C263 /* Default-Landscape~ipad.png */ = {isa = PBXFileReference; lastKnownFileType = image.png; path = "Default-Landscape~ipad.png"; sourceTree = "<group>"; };
		D8D6A160159DD86A0074C263 /* Default-Landscape@2x~ipad.png */ = {isa = PBXFileReference; lastKnownFileType = image.png; path = "Default-Landscape@2x~ipad.png"; sourceTree = "<group>"; };
		D8D6A163159DE9CC0074C263 /* IrbModel.xcdatamodel */ = {isa = PBXFileReference; lastKnownFileType = wrapper.xcdatamodel; path = IrbModel.xcdatamodel; sourceTree = "<group>"; };
		D8D6A166159DEA5D0074C263 /* Script.h */ = {isa = PBXFileReference; fileEncoding = 4; lastKnownFileType = sourcecode.c.h; name = Script.h; path = CoreData/Script.h; sourceTree = "<group>"; };
		D8D6A167159DEA5D0074C263 /* Script.m */ = {isa = PBXFileReference; fileEncoding = 4; lastKnownFileType = sourcecode.c.objc; name = Script.m; path = CoreData/Script.m; sourceTree = "<group>"; };
		D8D6A169159DEA960074C263 /* GenericManagedObject.h */ = {isa = PBXFileReference; fileEncoding = 4; lastKnownFileType = sourcecode.c.h; name = GenericManagedObject.h; path = CoreData/GenericManagedObject.h; sourceTree = "<group>"; };
		D8D6A16A159DEA960074C263 /* GenericManagedObject.m */ = {isa = PBXFileReference; fileEncoding = 4; lastKnownFileType = sourcecode.c.objc; name = GenericManagedObject.m; path = CoreData/GenericManagedObject.m; sourceTree = "<group>"; };
		D8D6A17F159DEC890074C263 /* CoreData.framework */ = {isa = PBXFileReference; lastKnownFileType = wrapper.framework; name = CoreData.framework; path = System/Library/Frameworks/CoreData.framework; sourceTree = SDKROOT; };
		D8D6A182159DEF390074C263 /* ScriptListViewController.h */ = {isa = PBXFileReference; fileEncoding = 4; lastKnownFileType = sourcecode.c.h; path = ScriptListViewController.h; sourceTree = "<group>"; };
		D8D6A183159DEF390074C263 /* ScriptListViewController.m */ = {isa = PBXFileReference; fileEncoding = 4; lastKnownFileType = sourcecode.c.objc; path = ScriptListViewController.m; sourceTree = "<group>"; };
		D8D6A195159DF3F80074C263 /* MenuViewController.h */ = {isa = PBXFileReference; fileEncoding = 4; lastKnownFileType = sourcecode.c.h; path = MenuViewController.h; sourceTree = "<group>"; };
		D8D6A196159DF3F80074C263 /* MenuViewController.m */ = {isa = PBXFileReference; fileEncoding = 4; lastKnownFileType = sourcecode.c.objc; path = MenuViewController.m; sourceTree = "<group>"; };
		D8D6A198159DFB060074C263 /* ScriptEditorViewController.h */ = {isa = PBXFileReference; fileEncoding = 4; lastKnownFileType = sourcecode.c.h; path = ScriptEditorViewController.h; sourceTree = "<group>"; };
		D8D6A199159DFB060074C263 /* ScriptEditorViewController.m */ = {isa = PBXFileReference; fileEncoding = 4; lastKnownFileType = sourcecode.c.objc; path = ScriptEditorViewController.m; sourceTree = "<group>"; };
		D8D6A1A0159E06370074C263 /* ScriptEvalViewController.h */ = {isa = PBXFileReference; fileEncoding = 4; lastKnownFileType = sourcecode.c.h; path = ScriptEvalViewController.h; sourceTree = "<group>"; };
		D8D6A1A1159E06370074C263 /* ScriptEvalViewController.m */ = {isa = PBXFileReference; fileEncoding = 4; lastKnownFileType = sourcecode.c.objc; path = ScriptEvalViewController.m; sourceTree = "<group>"; };
		D8E78D7F159DA538006394F7 /* iRuby.framework */ = {isa = PBXFileReference; lastKnownFileType = wrapper.framework; name = iRuby.framework; path = ruby/iRuby.framework; sourceTree = "<group>"; };
/* End PBXFileReference section */

/* Begin PBXFrameworksBuildPhase section */
		1D60588F0D05DD3D006BFB54 /* Frameworks */ = {
			isa = PBXFrameworksBuildPhase;
			buildActionMask = 2147483647;
			files = (
				D8D6A180159DEC890074C263 /* CoreData.framework in Frameworks */,
				1D60589F0D05DD5A006BFB54 /* Foundation.framework in Frameworks */,
				1DF5F4E00D08C38300B7A737 /* UIKit.framework in Frameworks */,
				288765A50DF7441C002DB57D /* CoreGraphics.framework in Frameworks */,
				8D54988E0F346F3E00001578 /* libruby-static.a in Frameworks */,
			);
			runOnlyForDeploymentPostprocessing = 0;
		};
/* End PBXFrameworksBuildPhase section */

/* Begin PBXGroup section */
		080E96DDFE201D6D7F000001 /* Classes */ = {
			isa = PBXGroup;
			children = (
				D8D6A165159DEA3F0074C263 /* Eos */,
				D8D6A181159DEEF90074C263 /* View Controllers */,
				D8D1510D15A2E1E800C4E108 /* Tools */,
				1D3623240D0F684500981E51 /* IrbAppDelegate.h */,
				1D3623250D0F684500981E51 /* IrbAppDelegate.m */,
			);
			path = Classes;
			sourceTree = "<group>";
		};
		19C28FACFE9D520D11CA2CBB /* Products */ = {
			isa = PBXGroup;
			children = (
				1D6058910D05DD3D006BFB54 /* iphone-irb.app */,
			);
			name = Products;
			sourceTree = "<group>";
		};
		29B97314FDCFA39411CA2CEA /* CustomTemplate */ = {
			isa = PBXGroup;
			children = (
				8D5498860F346F3E00001578 /* Ruby */,
				080E96DDFE201D6D7F000001 /* Classes */,
				29B97315FDCFA39411CA2CEA /* Other Sources */,
				29B97317FDCFA39411CA2CEA /* Resources */,
				29B97323FDCFA39411CA2CEA /* Frameworks */,
				19C28FACFE9D520D11CA2CBB /* Products */,
			);
			name = CustomTemplate;
			sourceTree = "<group>";
		};
		29B97315FDCFA39411CA2CEA /* Other Sources */ = {
			isa = PBXGroup;
			children = (
				32CA4F630368D1EE00C91783 /* iphone_irb_Prefix.pch */,
				29B97316FDCFA39411CA2CEA /* main.m */,
			);
			name = "Other Sources";
			sourceTree = "<group>";
		};
		29B97317FDCFA39411CA2CEA /* Resources */ = {
			isa = PBXGroup;
			children = (
				D8D6A14B159DD31F0074C263 /* icons */,
				D8D6A14A159DD2990074C263 /* images */,
				8D5499750F34AB5100001578 /* Default.png */,
				D8D6A158159DD64B0074C263 /* Default-Portrait~ipad.png */,
				D8D6A15C159DD7500074C263 /* Default-Portrait@2x~ipad.png */,
				D8D6A15E159DD8330074C263 /* Default-Landscape~ipad.png */,
				D8D6A160159DD86A0074C263 /* Default-Landscape@2x~ipad.png */,
				D8D6A155159DD5DC0074C263 /* Default@2x.png */,
				8D1107310486CEB800E47090 /* Info.plist */,
				D8D1510515A2D5A900C4E108 /* Localizable.strings */,
				D8D6A143159DD09C0074C263 /* Irb-iphone.storyboard */,
				D8D6A152159DD40D0074C263 /* Irb-ipad.storyboard */,
				D8D6A162159DE9CC0074C263 /* IrbModel.xcdatamodeld */,
			);
			name = Resources;
			sourceTree = "<group>";
		};
		29B97323FDCFA39411CA2CEA /* Frameworks */ = {
			isa = PBXGroup;
			children = (
				8D54988D0F346F3E00001578 /* libruby-static.a */,
				D8D6A17F159DEC890074C263 /* CoreData.framework */,
				D8E78D7F159DA538006394F7 /* iRuby.framework */,
				1DF5F4DF0D08C38300B7A737 /* UIKit.framework */,
				1D30AB110D05D00D00671497 /* Foundation.framework */,
				288765A40DF7441C002DB57D /* CoreGraphics.framework */,
			);
			name = Frameworks;
			sourceTree = "<group>";
		};
		8D5498860F346F3E00001578 /* Ruby */ = {
			isa = PBXGroup;
			children = (
				8D54988F0F346F7000001578 /* EvalRuby.h */,
				8D5498900F346F7000001578 /* EvalRuby.m */,
			);
			name = Ruby;
			path = ruby;
			sourceTree = "<group>";
		};
		D839E375159E4236008A2B0C /* Menu View Controller */ = {
			isa = PBXGroup;
			children = (
				D8D6A195159DF3F80074C263 /* MenuViewController.h */,
				D8D6A196159DF3F80074C263 /* MenuViewController.m */,
			);
			name = "Menu View Controller";
			sourceTree = "<group>";
		};
		D839E376159E4240008A2B0C /* Irb View Controller */ = {
			isa = PBXGroup;
			children = (
				28D7ACF60DDB3853001CB0EB /* IrbViewController.h */,
				28D7ACF70DDB3853001CB0EB /* IrbViewController.m */,
			);
			name = "Irb View Controller";
			sourceTree = "<group>";
		};
		D839E377159E424B008A2B0C /* Script List View Controller */ = {
			isa = PBXGroup;
			children = (
				D839E37D159E4294008A2B0C /* Script List View Cell */,
				D8D6A182159DEF390074C263 /* ScriptListViewController.h */,
				D8D6A183159DEF390074C263 /* ScriptListViewController.m */,
			);
			name = "Script List View Controller";
			sourceTree = "<group>";
		};
		D839E378159E4258008A2B0C /* Script Editor View Controller */ = {
			isa = PBXGroup;
			children = (
				D8D6A198159DFB060074C263 /* ScriptEditorViewController.h */,
				D8D6A199159DFB060074C263 /* ScriptEditorViewController.m */,
			);
			name = "Script Editor View Controller";
			sourceTree = "<group>";
		};
		D839E379159E4265008A2B0C /* Script Eval View Controller */ = {
			isa = PBXGroup;
			children = (
				D8D6A1A0159E06370074C263 /* ScriptEvalViewController.h */,
				D8D6A1A1159E06370074C263 /* ScriptEvalViewController.m */,
			);
			name = "Script Eval View Controller";
			sourceTree = "<group>";
		};
		D839E37D159E4294008A2B0C /* Script List View Cell */ = {
			isa = PBXGroup;
			children = (
				D839E37A159E428C008A2B0C /* ScriptListViewCell.h */,
				D839E37B159E428C008A2B0C /* ScriptListViewCell.m */,
			);
			name = "Script List View Cell";
			sourceTree = "<group>";
		};
		D8D1510D15A2E1E800C4E108 /* Tools */ = {
			isa = PBXGroup;
			children = (
				D8D1510E15A2E20A00C4E108 /* UIButton+EasyTitle.h */,
				D8D1510F15A2E20A00C4E108 /* UIButton+EasyTitle.m */,
			);
			name = Tools;
			sourceTree = "<group>";
		};
		D8D6A14A159DD2990074C263 /* images */ = {
			isa = PBXGroup;
			children = (
				8D5498D40F3472B400001578 /* ruby.png */,
			);
			name = images;
			sourceTree = "<group>";
		};
		D8D6A14B159DD31F0074C263 /* icons */ = {
			isa = PBXGroup;
			children = (
				D8D6A14E159DD3BD0074C263 /* icon-ipad.png */,
				D8D6A14F159DD3BE0074C263 /* icon-ipad@2x.png */,
				D8D6A14C159DD3400074C263 /* icon@2x.png */,
				8D5499760F34AB5100001578 /* icon.png */,
			);
			name = icons;
			sourceTree = "<group>";
		};
		D8D6A165159DEA3F0074C263 /* Eos */ = {
			isa = PBXGroup;
			children = (
				D8D6A169159DEA960074C263 /* GenericManagedObject.h */,
				D8D6A16A159DEA960074C263 /* GenericManagedObject.m */,
				D8D6A166159DEA5D0074C263 /* Script.h */,
				D8D6A167159DEA5D0074C263 /* Script.m */,
			);
			name = Eos;
			sourceTree = "<group>";
		};
		D8D6A181159DEEF90074C263 /* View Controllers */ = {
			isa = PBXGroup;
			children = (
				D839E375159E4236008A2B0C /* Menu View Controller */,
				D839E376159E4240008A2B0C /* Irb View Controller */,
				D839E377159E424B008A2B0C /* Script List View Controller */,
				D839E378159E4258008A2B0C /* Script Editor View Controller */,
				D839E379159E4265008A2B0C /* Script Eval View Controller */,
			);
			name = "View Controllers";
			sourceTree = "<group>";
		};
/* End PBXGroup section */

/* Begin PBXNativeTarget section */
		1D6058900D05DD3D006BFB54 /* iphone-irb */ = {
			isa = PBXNativeTarget;
			buildConfigurationList = 1D6058960D05DD3E006BFB54 /* Build configuration list for PBXNativeTarget "iphone-irb" */;
			buildPhases = (
				1D60588D0D05DD3D006BFB54 /* Resources */,
				1D60588E0D05DD3D006BFB54 /* Sources */,
				1D60588F0D05DD3D006BFB54 /* Frameworks */,
			);
			buildRules = (
			);
			dependencies = (
			);
			name = "iphone-irb";
			productName = "iphone-irb";
			productReference = 1D6058910D05DD3D006BFB54 /* iphone-irb.app */;
			productType = "com.apple.product-type.application";
		};
/* End PBXNativeTarget section */

/* Begin PBXProject section */
		29B97313FDCFA39411CA2CEA /* Project object */ = {
			isa = PBXProject;
			attributes = {
				LastUpgradeCheck = 0430;
				ORGANIZATIONNAME = "Pallas Software";
			};
			buildConfigurationList = C01FCF4E08A954540054247B /* Build configuration list for PBXProject "iphone-irb" */;
			compatibilityVersion = "Xcode 3.2";
			developmentRegion = English;
			hasScannedForEncodings = 1;
			knownRegions = (
				en,
				fr,
			);
			mainGroup = 29B97314FDCFA39411CA2CEA /* CustomTemplate */;
			projectDirPath = "";
			projectRoot = "";
			targets = (
				1D6058900D05DD3D006BFB54 /* iphone-irb */,
			);
		};
/* End PBXProject section */

/* Begin PBXResourcesBuildPhase section */
		1D60588D0D05DD3D006BFB54 /* Resources */ = {
			isa = PBXResourcesBuildPhase;
			buildActionMask = 2147483647;
			files = (
				8D5498D50F3472B400001578 /* ruby.png in Resources */,
				8D5499770F34AB5100001578 /* Default.png in Resources */,
				8D5499780F34AB5100001578 /* icon.png in Resources */,
				D8D6A144159DD09C0074C263 /* Irb-iphone.storyboard in Resources */,
				D8D6A14D159DD3400074C263 /* icon@2x.png in Resources */,
				D8D6A150159DD3BE0074C263 /* icon-ipad.png in Resources */,
				D8D6A151159DD3BE0074C263 /* icon-ipad@2x.png in Resources */,
				D8D6A153159DD40D0074C263 /* Irb-ipad.storyboard in Resources */,
				D8D6A157159DD5DC0074C263 /* Default@2x.png in Resources */,
				D8D6A159159DD64B0074C263 /* Default-Portrait~ipad.png in Resources */,
				D8D6A15D159DD7510074C263 /* Default-Portrait@2x~ipad.png in Resources */,
				D8D6A15F159DD8330074C263 /* Default-Landscape~ipad.png in Resources */,
				D8D6A161159DD86A0074C263 /* Default-Landscape@2x~ipad.png in Resources */,
				D8D1510315A2D5A900C4E108 /* Localizable.strings in Resources */,
			);
			runOnlyForDeploymentPostprocessing = 0;
		};
/* End PBXResourcesBuildPhase section */

/* Begin PBXSourcesBuildPhase section */
		1D60588E0D05DD3D006BFB54 /* Sources */ = {
			isa = PBXSourcesBuildPhase;
			buildActionMask = 2147483647;
			files = (
				1D60589B0D05DD56006BFB54 /* main.m in Sources */,
				1D3623260D0F684500981E51 /* IrbAppDelegate.m in Sources */,
				28D7ACF80DDB3853001CB0EB /* IrbViewController.m in Sources */,
				8D5498910F346F7000001578 /* EvalRuby.m in Sources */,
				D8D6A164159DE9CC0074C263 /* IrbModel.xcdatamodeld in Sources */,
				D8D6A168159DEA5D0074C263 /* Script.m in Sources */,
				D8D6A16B159DEA960074C263 /* GenericManagedObject.m in Sources */,
				D8D6A184159DEF390074C263 /* ScriptListViewController.m in Sources */,
				D8D6A197159DF3F80074C263 /* MenuViewController.m in Sources */,
				D8D6A19A159DFB060074C263 /* ScriptEditorViewController.m in Sources */,
				D8D6A1A2159E06370074C263 /* ScriptEvalViewController.m in Sources */,
				D839E37C159E428C008A2B0C /* ScriptListViewCell.m in Sources */,
				D8D1511015A2E20A00C4E108 /* UIButton+EasyTitle.m in Sources */,
			);
			runOnlyForDeploymentPostprocessing = 0;
		};
/* End PBXSourcesBuildPhase section */

/* Begin PBXVariantGroup section */
		D8D1510515A2D5A900C4E108 /* Localizable.strings */ = {
			isa = PBXVariantGroup;
			children = (
				D8D1510415A2D5A900C4E108 /* en */,
				D8D1510615A2DB5B00C4E108 /* fr */,
			);
			name = Localizable.strings;
			path = Resources;
			sourceTree = "<group>";
		};
/* End PBXVariantGroup section */

/* Begin XCBuildConfiguration section */
		1D6058940D05DD3E006BFB54 /* Debug */ = {
			isa = XCBuildConfiguration;
			buildSettings = {
				ALWAYS_SEARCH_USER_PATHS = NO;
				CLANG_ENABLE_OBJC_ARC = YES;
				COPY_PHASE_STRIP = NO;
				FRAMEWORK_SEARCH_PATHS = (
					"$(inherited)",
					"\"$(SRCROOT)/ruby\"",
				);
				GCC_DYNAMIC_NO_PIC = NO;
				GCC_OPTIMIZATION_LEVEL = 0;
				GCC_PRECOMPILE_PREFIX_HEADER = YES;
				GCC_PREFIX_HEADER = iphone_irb_Prefix.pch;
				GCC_VERSION = com.apple.compilers.llvm.clang.1_0;
				INFOPLIST_FILE = Info.plist;
				IPHONEOS_DEPLOYMENT_TARGET = 5.0;
				LIBRARY_SEARCH_PATHS = (
					"$(inherited)",
					"\"$(SRCROOT)/ruby\"",
				);
				PRODUCT_NAME = "iphone-irb";
				TARGETED_DEVICE_FAMILY = "1,2";
			};
			name = Debug;
		};
		1D6058950D05DD3E006BFB54 /* Release */ = {
			isa = XCBuildConfiguration;
			buildSettings = {
				ALWAYS_SEARCH_USER_PATHS = NO;
				CLANG_ENABLE_OBJC_ARC = YES;
				COPY_PHASE_STRIP = YES;
				FRAMEWORK_SEARCH_PATHS = (
					"$(inherited)",
					"\"$(SRCROOT)/ruby\"",
				);
				GCC_PRECOMPILE_PREFIX_HEADER = YES;
				GCC_PREFIX_HEADER = iphone_irb_Prefix.pch;
				GCC_VERSION = com.apple.compilers.llvm.clang.1_0;
				INFOPLIST_FILE = Info.plist;
				IPHONEOS_DEPLOYMENT_TARGET = 5.0;
				LIBRARY_SEARCH_PATHS = (
					"$(inherited)",
					"\"$(SRCROOT)/ruby\"",
				);
				PRODUCT_NAME = "iphone-irb";
				TARGETED_DEVICE_FAMILY = "1,2";
			};
			name = Release;
		};
		C01FCF4F08A954540054247B /* Debug */ = {
			isa = XCBuildConfiguration;
			buildSettings = {
				ARCHS = "$(ARCHS_STANDARD_32_BIT)";
				"CODE_SIGN_IDENTITY[sdk=iphoneos*]" = "iPhone Developer";
				GCC_C_LANGUAGE_STANDARD = c99;
				GCC_WARN_ABOUT_RETURN_TYPE = YES;
				GCC_WARN_UNUSED_VARIABLE = YES;
				IPHONEOS_DEPLOYMENT_TARGET = 5.0;
				ONLY_ACTIVE_ARCH = YES;
				SDKROOT = iphoneos;
			};
			name = Debug;
		};
		C01FCF5008A954540054247B /* Release */ = {
			isa = XCBuildConfiguration;
			buildSettings = {
				ARCHS = "$(ARCHS_STANDARD_32_BIT)";
				"CODE_SIGN_IDENTITY[sdk=iphoneos*]" = "iPhone Developer: Takuma Mori";
				GCC_C_LANGUAGE_STANDARD = c99;
				GCC_WARN_ABOUT_RETURN_TYPE = YES;
				GCC_WARN_UNUSED_VARIABLE = YES;
				IPHONEOS_DEPLOYMENT_TARGET = 5.0;
				"PROVISIONING_PROFILE[sdk=iphoneos*]" = "9FDBFBCE-40E1-4B07-8358-0DDE9BE41080";
				SDKROOT = iphoneos;
			};
			name = Release;
		};
/* End XCBuildConfiguration section */

/* Begin XCConfigurationList section */
		1D6058960D05DD3E006BFB54 /* Build configuration list for PBXNativeTarget "iphone-irb" */ = {
			isa = XCConfigurationList;
			buildConfigurations = (
				1D6058940D05DD3E006BFB54 /* Debug */,
				1D6058950D05DD3E006BFB54 /* Release */,
			);
			defaultConfigurationIsVisible = 0;
			defaultConfigurationName = Release;
		};
		C01FCF4E08A954540054247B /* Build configuration list for PBXProject "iphone-irb" */ = {
			isa = XCConfigurationList;
			buildConfigurations = (
				C01FCF4F08A954540054247B /* Debug */,
				C01FCF5008A954540054247B /* Release */,
			);
			defaultConfigurationIsVisible = 0;
			defaultConfigurationName = Release;
		};
/* End XCConfigurationList section */

/* Begin XCVersionGroup section */
		D8D6A162159DE9CC0074C263 /* IrbModel.xcdatamodeld */ = {
			isa = XCVersionGroup;
			children = (
				D8D6A163159DE9CC0074C263 /* IrbModel.xcdatamodel */,
			);
			currentVersion = D8D6A163159DE9CC0074C263 /* IrbModel.xcdatamodel */;
			name = IrbModel.xcdatamodeld;
			path = Resources/IrbModel.xcdatamodeld;
			sourceTree = "<group>";
			versionGroupType = wrapper.xcdatamodel;
		};
/* End XCVersionGroup section */
	};
	rootObject = 29B97313FDCFA39411CA2CEA /* Project object */;
}
